
Microsoft Visual Studio Solution File, Format Version 12.00
# Visual Studio Version 17
VisualStudioVersion = 17.9.34607.119
MinimumVisualStudioVersion = 10.0.40219.1
Project("{FAE04EC0-301F-11D3-BF4B-00C04F79EFBC}") = "TPFinalNivel2_Marchese", "TPFinalNivel2_Marchese\TPFinalNivel2_Marchese.csproj", "{63130747-E3FF-434A-9D22-5F77E467D813}"
EndProject
Global
	GlobalSection(SolutionConfigurationPlatforms) = preSolution
		Debug|Any CPU = Debug|Any CPU
		Release|Any CPU = Release|Any CPU
	EndGlobalSection
	GlobalSection(ProjectConfigurationPlatforms) = postSolution
		{63130747-E3FF-434A-9D22-5F77E467D813}.Debug|Any CPU.ActiveCfg = Debug|Any CPU
		{63130747-E3FF-434A-9D22-5F77E467D813}.Debug|Any CPU.Build.0 = Debug|Any CPU
		{63130747-E3FF-434A-9D22-5F77E467D813}.Release|Any CPU.ActiveCfg = Release|Any CPU
		{63130747-E3FF-434A-9D22-5F77E467D813}.Release|Any CPU.Build.0 = Release|Any CPU
	EndGlobalSection
	GlobalSection(SolutionProperties) = preSolution
		HideSolutionNode = FALSE
	EndGlobalSection
	GlobalSection(ExtensibilityGlobals) = postSolution
		SolutionGuid = {62F04765-695C-4321-99B5-373AA1BE8D76}
	EndGlobalSection
EndGlobal
